{
  "nodes": {
    "crane": {
      "inputs": {
        "nixpkgs": [
          "helix",
          "nixpkgs"
        ]
      },
      "locked": {
        "lastModified": 1709610799,
        "narHash": "sha256-5jfLQx0U9hXbi2skYMGodDJkIgffrjIOgMRjZqms2QE=",
        "owner": "ipetkov",
        "repo": "crane",
        "rev": "81c393c776d5379c030607866afef6406ca1be57",
        "type": "github"
      },
      "original": {
        "owner": "ipetkov",
        "repo": "crane",
        "type": "github"
      }
    },
    "darwin": {
      "inputs": {
        "nixpkgs": [
          "stable"
        ]
      },
      "locked": {
        "lastModified": 1718662658,
        "narHash": "sha256-AKG7BsqtVWDlefgzyKz7vjaKTLi4+bmTSBhowbQoZtM=",
        "owner": "LnL7",
        "repo": "nix-darwin",
        "rev": "29b3096a6e283d7e6779187244cb2a3942239fdf",
        "type": "github"
      },
      "original": {
        "owner": "LnL7",
        "ref": "master",
        "repo": "nix-darwin",
        "type": "github"
      }
    },
    "fenix": {
      "inputs": {
        "nixpkgs": [
          "stable"
        ],
        "rust-analyzer-src": "rust-analyzer-src"
      },
      "locked": {
        "lastModified": 1717827974,
        "narHash": "sha256-ixopuTeTouxqTxfMuzs6IaRttbT8JqRW5C9Q/57WxQw=",
        "owner": "nix-community",
        "repo": "fenix",
        "rev": "ab655c627777ab5f9964652fe23bbb1dfbd687a8",
        "type": "github"
      },
      "original": {
        "owner": "nix-community",
        "repo": "fenix",
        "type": "github"
      }
    },
    "flake-compat": {
      "flake": false,
      "locked": {
        "lastModified": 1696426674,
        "narHash": "sha256-kvjfFW7WAETZlt09AgDn1MrtKzP7t90Vf7vypd3OL1U=",
        "owner": "edolstra",
        "repo": "flake-compat",
        "rev": "0f9255e01c2351cc7d116c072cb317785dd33b33",
        "type": "github"
      },
      "original": {
        "owner": "edolstra",
        "repo": "flake-compat",
        "type": "github"
      }
    },
    "flake-utils": {
      "inputs": {
        "systems": "systems"
      },
      "locked": {
        "lastModified": 1709126324,
        "narHash": "sha256-q6EQdSeUZOG26WelxqkmR7kArjgWCdw5sfJVHPH/7j8=",
        "owner": "numtide",
        "repo": "flake-utils",
        "rev": "d465f4819400de7c8d874d50b982301f28a84605",
        "type": "github"
      },
      "original": {
        "owner": "numtide",
        "repo": "flake-utils",
        "type": "github"
      }
    },
    "flake-utils_2": {
      "inputs": {
        "systems": "systems_2"
      },
      "locked": {
        "lastModified": 1694529238,
        "narHash": "sha256-zsNZZGTGnMOf9YpHKJqMSsa0dXbfmxeoJ7xHlrt+xmY=",
        "owner": "numtide",
        "repo": "flake-utils",
        "rev": "ff7b65b44d01cf9ba6a71320833626af21126384",
        "type": "github"
      },
      "original": {
        "owner": "numtide",
        "repo": "flake-utils",
        "type": "github"
      }
    },
    "flake-utils_3": {
      "inputs": {
        "systems": "systems_3"
      },
      "locked": {
        "lastModified": 1710146030,
        "narHash": "sha256-SZ5L6eA7HJ/nmkzGG7/ISclqe6oZdOZTNoesiInkXPQ=",
        "owner": "numtide",
        "repo": "flake-utils",
        "rev": "b1d9ab70662946ef0850d488da1c9019f3a9752a",
        "type": "github"
      },
      "original": {
        "owner": "numtide",
        "repo": "flake-utils",
        "type": "github"
      }
    },
    "hardware": {
      "locked": {
        "lastModified": 1718548414,
        "narHash": "sha256-1obyIuQPR/Kq1j5/i/5EuAfQrDwjYnjCDG8iLtXmBhQ=",
        "owner": "NixOS",
        "repo": "nixos-hardware",
        "rev": "cde8f7e11f036160b0fd6a9e07dc4c8e4061cf06",
        "type": "github"
      },
      "original": {
        "owner": "NixOS",
        "ref": "master",
        "repo": "nixos-hardware",
        "type": "github"
      }
    },
    "helix": {
      "inputs": {
        "crane": "crane",
        "flake-utils": "flake-utils",
        "nixpkgs": "nixpkgs",
        "rust-overlay": "rust-overlay"
      },
      "locked": {
        "lastModified": 1718727545,
        "narHash": "sha256-j9h28WtYUswzsF/mwm7DJMxCPleloFrGUsnuysyE0OQ=",
        "owner": "helix-editor",
        "repo": "helix",
        "rev": "9b7dffbd613b3ba981890de78712ac0df520f145",
        "type": "github"
      },
      "original": {
        "owner": "helix-editor",
        "repo": "helix",
        "type": "github"
      }
    },
    "hm": {
      "inputs": {
        "nixpkgs": [
          "stable"
        ]
      },
      "locked": {
        "lastModified": 1717476296,
        "narHash": "sha256-ScHe38Tr+TxGURC17kby4mIIxOG3aJvZWXzPM79UnEk=",
        "owner": "nix-community",
        "repo": "home-manager",
        "rev": "095ef64aa3b2ab4a4f1bf07f29997e21e3a5576a",
        "type": "github"
      },
      "original": {
        "owner": "nix-community",
        "ref": "release-23.11",
        "repo": "home-manager",
        "type": "github"
      }
    },
    "nix-index": {
      "inputs": {
        "nixpkgs": [
          "stable"
        ]
      },
      "locked": {
        "lastModified": 1718507237,
        "narHash": "sha256-xBEWCxWeRpWQggFFp8ugJCDa63cOJsVvx71R9F0Eowg=",
        "owner": "Mic92",
        "repo": "nix-index-database",
        "rev": "6af2c5e58c20311276f59d247341cafeebfcb6f4",
        "type": "github"
      },
      "original": {
        "owner": "Mic92",
        "repo": "nix-index-database",
        "type": "github"
      }
    },
    "nixpkgs": {
      "locked": {
        "lastModified": 1709479366,
        "narHash": "sha256-n6F0n8UV6lnTZbYPl1A9q1BS0p4hduAv1mGAP17CVd0=",
        "owner": "nixos",
        "repo": "nixpkgs",
        "rev": "b8697e57f10292a6165a20f03d2f42920dfaf973",
        "type": "github"
      },
      "original": {
        "owner": "nixos",
        "ref": "nixos-unstable",
        "repo": "nixpkgs",
        "type": "github"
      }
    },
    "persistence": {
      "locked": {
        "lastModified": 1717932370,
        "narHash": "sha256-7C5lCpiWiyPoIACOcu2mukn/1JRtz6HC/1aEMhUdcw0=",
        "owner": "nix-community",
        "repo": "impermanence",
        "rev": "27979f1c3a0d3b9617a3563e2839114ba7d48d3f",
        "type": "github"
      },
      "original": {
        "owner": "nix-community",
        "repo": "impermanence",
        "type": "github"
      }
    },
    "root": {
      "inputs": {
        "darwin": "darwin",
        "fenix": "fenix",
        "hardware": "hardware",
        "helix": "helix",
        "hm": "hm",
        "nix-index": "nix-index",
        "persistence": "persistence",
        "stable": "stable",
        "unstable": "unstable",
        "utils": "utils",
        "vscode-extensions": "vscode-extensions"
      }
    },
    "rust-analyzer-src": {
      "flake": false,
      "locked": {
        "lastModified": 1717583671,
        "narHash": "sha256-+lRAmz92CNUxorqWusgJbL9VE1eKCnQQojglRemzwkw=",
        "owner": "rust-lang",
        "repo": "rust-analyzer",
        "rev": "48bbdd6a74f3176987d5c809894ac33957000d19",
        "type": "github"
      },
      "original": {
        "owner": "rust-lang",
        "ref": "nightly",
        "repo": "rust-analyzer",
        "type": "github"
      }
    },
    "rust-overlay": {
      "inputs": {
        "flake-utils": [
          "helix",
          "flake-utils"
        ],
        "nixpkgs": [
          "helix",
          "nixpkgs"
        ]
      },
      "locked": {
        "lastModified": 1709604635,
        "narHash": "sha256-le4fwmWmjGRYWwkho0Gr7mnnZndOOe4XGbLw68OvF40=",
        "owner": "oxalica",
        "repo": "rust-overlay",
        "rev": "e86c0fb5d3a22a5f30d7f64ecad88643fe26449d",
        "type": "github"
      },
      "original": {
        "owner": "oxalica",
        "repo": "rust-overlay",
        "type": "github"
      }
    },
    "stable": {
      "locked": {
        "lastModified": 1718447546,
        "narHash": "sha256-JHuXsrC9pr4kA4n7LuuPfWFJUVlDBVJ1TXDVpHEuUgM=",
        "owner": "nixos",
        "repo": "nixpkgs",
        "rev": "842253bf992c3a7157b67600c2857193f126563a",
        "type": "github"
      },
      "original": {
        "owner": "nixos",
        "ref": "nixos-23.11",
        "repo": "nixpkgs",
        "type": "github"
      }
    },
    "systems": {
      "locked": {
        "lastModified": 1681028828,
        "narHash": "sha256-Vy1rq5AaRuLzOxct8nz4T6wlgyUR7zLU309k9mBC768=",
        "owner": "nix-systems",
        "repo": "default",
        "rev": "da67096a3b9bf56a91d16901293e51ba5b49a27e",
        "type": "github"
      },
      "original": {
        "owner": "nix-systems",
        "repo": "default",
        "type": "github"
      }
    },
    "systems_2": {
      "locked": {
        "lastModified": 1681028828,
        "narHash": "sha256-Vy1rq5AaRuLzOxct8nz4T6wlgyUR7zLU309k9mBC768=",
        "owner": "nix-systems",
        "repo": "default",
        "rev": "da67096a3b9bf56a91d16901293e51ba5b49a27e",
        "type": "github"
      },
      "original": {
        "owner": "nix-systems",
        "repo": "default",
        "type": "github"
      }
    },
    "systems_3": {
      "locked": {
        "lastModified": 1681028828,
        "narHash": "sha256-Vy1rq5AaRuLzOxct8nz4T6wlgyUR7zLU309k9mBC768=",
        "owner": "nix-systems",
        "repo": "default",
        "rev": "da67096a3b9bf56a91d16901293e51ba5b49a27e",
        "type": "github"
      },
      "original": {
        "owner": "nix-systems",
        "repo": "default",
        "type": "github"
      }
    },
    "unstable": {
      "locked": {
        "lastModified": 1718530797,
        "narHash": "sha256-pup6cYwtgvzDpvpSCFh1TEUjw2zkNpk8iolbKnyFmmU=",
        "owner": "nixos",
        "repo": "nixpkgs",
        "rev": "b60ebf54c15553b393d144357375ea956f89e9a9",
        "type": "github"
      },
      "original": {
        "owner": "nixos",
        "ref": "nixos-unstable",
        "repo": "nixpkgs",
        "type": "github"
      }
    },
    "utils": {
      "inputs": {
        "flake-utils": "flake-utils_2"
      },
      "locked": {
        "lastModified": 1715533576,
        "narHash": "sha256-fT4ppWeCJ0uR300EH3i7kmgRZnAVxrH+XtK09jQWihk=",
        "owner": "gytis-ivaskevicius",
        "repo": "flake-utils-plus",
        "rev": "3542fe9126dc492e53ddd252bb0260fe035f2c0f",
        "type": "github"
      },
      "original": {
        "owner": "gytis-ivaskevicius",
        "repo": "flake-utils-plus",
        "type": "github"
      }
    },
    "vscode-extensions": {
      "inputs": {
        "flake-compat": "flake-compat",
        "flake-utils": "flake-utils_3",
        "nixpkgs": [
          "stable"
        ]
      },
      "locked": {
        "lastModified": 1718760425,
        "narHash": "sha256-kGAKl4qNbVPz5z+2F32jYM4srlRGt7j3qljoW45mjV4=",
        "owner": "nix-community",
        "repo": "nix-vscode-extensions",
        "rev": "b882e3fa1da93a60e1f4185ae02314eb73fa9852",
        "type": "github"
      },
      "original": {
        "owner": "nix-community",
        "repo": "nix-vscode-extensions",
        "type": "github"
      }
    }
  },
  "root": "root",
  "version": 7
}
